// !$*UTF8*$!
{
	archiveVersion = 1;
	classes = {
	};
	objectVersion = 46;
	objects = {

/* Begin PBXBuildFile section */
		65140595F62E44DD831D2743 /* libPods.a in Frameworks */ = {isa = PBXBuildFile; fileRef = 52D345DCA3C4420FADDD6C7E /* libPods.a */; };
		659F5AAA19C6EEBD00944EDA /* AppDelegate.swift in Sources */ = {isa = PBXBuildFile; fileRef = 659F5AA919C6EEBD00944EDA /* AppDelegate.swift */; };
		65A36A2619C4710900DD2D36 /* ViewController.swift in Sources */ = {isa = PBXBuildFile; fileRef = 65A36A2519C4710900DD2D36 /* ViewController.swift */; };
		65A36A2919C4710900DD2D36 /* Main.storyboard in Resources */ = {isa = PBXBuildFile; fileRef = 65A36A2719C4710900DD2D36 /* Main.storyboard */; };
		65A36A2B19C4710900DD2D36 /* Images.xcassets in Resources */ = {isa = PBXBuildFile; fileRef = 65A36A2A19C4710900DD2D36 /* Images.xcassets */; };
		65A36A2E19C4710900DD2D36 /* LaunchScreen.xib in Resources */ = {isa = PBXBuildFile; fileRef = 65A36A2C19C4710900DD2D36 /* LaunchScreen.xib */; };
		65A36A3A19C4710900DD2D36 /* SpotzDemoTests.swift in Sources */ = {isa = PBXBuildFile; fileRef = 65A36A3919C4710900DD2D36 /* SpotzDemoTests.swift */; };
		65A36A4A19C4A97500DD2D36 /* ProjectSetup.txt in Resources */ = {isa = PBXBuildFile; fileRef = 65A36A4819C4A97500DD2D36 /* ProjectSetup.txt */; };
/* End PBXBuildFile section */

/* Begin PBXContainerItemProxy section */
		65A36A3419C4710900DD2D36 /* PBXContainerItemProxy */ = {
			isa = PBXContainerItemProxy;
			containerPortal = 65A36A1619C4710800DD2D36 /* Project object */;
			proxyType = 1;
			remoteGlobalIDString = 65A36A1D19C4710800DD2D36;
			remoteInfo = SpotzDemo;
		};
/* End PBXContainerItemProxy section */

/* Begin PBXFileReference section */
		52D345DCA3C4420FADDD6C7E /* libPods.a */ = {isa = PBXFileReference; explicitFileType = archive.ar; includeInIndex = 0; path = libPods.a; sourceTree = BUILT_PRODUCTS_DIR; };
		659F5AA919C6EEBD00944EDA /* AppDelegate.swift */ = {isa = PBXFileReference; fileEncoding = 4; lastKnownFileType = sourcecode.swift; path = AppDelegate.swift; sourceTree = "<group>"; };
		65A36A1E19C4710900DD2D36 /* SpotzDemo.app */ = {isa = PBXFileReference; explicitFileType = wrapper.application; includeInIndex = 0; path = SpotzDemo.app; sourceTree = BUILT_PRODUCTS_DIR; };
		65A36A2219C4710900DD2D36 /* Info.plist */ = {isa = PBXFileReference; lastKnownFileType = text.plist.xml; path = Info.plist; sourceTree = "<group>"; };
		65A36A2519C4710900DD2D36 /* ViewController.swift */ = {isa = PBXFileReference; lastKnownFileType = sourcecode.swift; path = ViewController.swift; sourceTree = "<group>"; };
		65A36A2819C4710900DD2D36 /* Base */ = {isa = PBXFileReference; lastKnownFileType = file.storyboard; name = Base; path = Base.lproj/Main.storyboard; sourceTree = "<group>"; };
		65A36A2A19C4710900DD2D36 /* Images.xcassets */ = {isa = PBXFileReference; lastKnownFileType = folder.assetcatalog; path = Images.xcassets; sourceTree = "<group>"; };
		65A36A2D19C4710900DD2D36 /* Base */ = {isa = PBXFileReference; lastKnownFileType = file.xib; name = Base; path = Base.lproj/LaunchScreen.xib; sourceTree = "<group>"; };
		65A36A3319C4710900DD2D36 /* SpotzDemoTests.xctest */ = {isa = PBXFileReference; explicitFileType = wrapper.cfbundle; includeInIndex = 0; path = SpotzDemoTests.xctest; sourceTree = BUILT_PRODUCTS_DIR; };
		65A36A3819C4710900DD2D36 /* Info.plist */ = {isa = PBXFileReference; lastKnownFileType = text.plist.xml; path = Info.plist; sourceTree = "<group>"; };
		65A36A3919C4710900DD2D36 /* SpotzDemoTests.swift */ = {isa = PBXFileReference; lastKnownFileType = sourcecode.swift; path = SpotzDemoTests.swift; sourceTree = "<group>"; };
		65A36A4419C4950D00DD2D36 /* SpotzDemo-Bridging-Header.h */ = {isa = PBXFileReference; lastKnownFileType = sourcecode.c.h; path = "SpotzDemo-Bridging-Header.h"; sourceTree = "<group>"; };
		65A36A4819C4A97500DD2D36 /* ProjectSetup.txt */ = {isa = PBXFileReference; fileEncoding = 4; lastKnownFileType = text; path = ProjectSetup.txt; sourceTree = "<group>"; };
		D13DEE690B9C44EF8A593C3B /* Pods.xcconfig */ = {isa = PBXFileReference; includeInIndex = 1; lastKnownFileType = text.xcconfig; name = Pods.xcconfig; path = Pods/Pods.xcconfig; sourceTree = "<group>"; };
/* End PBXFileReference section */

/* Begin PBXFrameworksBuildPhase section */
		65A36A1B19C4710800DD2D36 /* Frameworks */ = {
			isa = PBXFrameworksBuildPhase;
			buildActionMask = 2147483647;
			files = (
				65140595F62E44DD831D2743 /* libPods.a in Frameworks */,
			);
			runOnlyForDeploymentPostprocessing = 0;
		};
		65A36A3019C4710900DD2D36 /* Frameworks */ = {
			isa = PBXFrameworksBuildPhase;
			buildActionMask = 2147483647;
			files = (
			);
			runOnlyForDeploymentPostprocessing = 0;
		};
/* End PBXFrameworksBuildPhase section */

/* Begin PBXGroup section */
		4E0B23082E524DEA9C60D6C3 /* Frameworks */ = {
			isa = PBXGroup;
			children = (
				52D345DCA3C4420FADDD6C7E /* libPods.a */,
			);
			name = Frameworks;
			sourceTree = "<group>";
		};
		65A36A1519C4710800DD2D36 = {
			isa = PBXGroup;
			children = (
				65A36A4819C4A97500DD2D36 /* ProjectSetup.txt */,
				65A36A2019C4710900DD2D36 /* SpotzDemo */,
				65A36A3619C4710900DD2D36 /* SpotzDemoTests */,
				65A36A1F19C4710900DD2D36 /* Products */,
				D13DEE690B9C44EF8A593C3B /* Pods.xcconfig */,
				4E0B23082E524DEA9C60D6C3 /* Frameworks */,
			);
			sourceTree = "<group>";
		};
		65A36A1F19C4710900DD2D36 /* Products */ = {
			isa = PBXGroup;
			children = (
				65A36A1E19C4710900DD2D36 /* SpotzDemo.app */,
				65A36A3319C4710900DD2D36 /* SpotzDemoTests.xctest */,
			);
			name = Products;
			sourceTree = "<group>";
		};
		65A36A2019C4710900DD2D36 /* SpotzDemo */ = {
			isa = PBXGroup;
			children = (
				659F5AA919C6EEBD00944EDA /* AppDelegate.swift */,
				65A36A2519C4710900DD2D36 /* ViewController.swift */,
				65A36A2719C4710900DD2D36 /* Main.storyboard */,
				65A36A2A19C4710900DD2D36 /* Images.xcassets */,
				65A36A2C19C4710900DD2D36 /* LaunchScreen.xib */,
				65A36A2119C4710900DD2D36 /* Supporting Files */,
				65A36A4419C4950D00DD2D36 /* SpotzDemo-Bridging-Header.h */,
			);
			path = SpotzDemo;
			sourceTree = "<group>";
		};
		65A36A2119C4710900DD2D36 /* Supporting Files */ = {
			isa = PBXGroup;
			children = (
				65A36A2219C4710900DD2D36 /* Info.plist */,
			);
			name = "Supporting Files";
			sourceTree = "<group>";
		};
		65A36A3619C4710900DD2D36 /* SpotzDemoTests */ = {
			isa = PBXGroup;
			children = (
				65A36A3919C4710900DD2D36 /* SpotzDemoTests.swift */,
				65A36A3719C4710900DD2D36 /* Supporting Files */,
			);
			path = SpotzDemoTests;
			sourceTree = "<group>";
		};
		65A36A3719C4710900DD2D36 /* Supporting Files */ = {
			isa = PBXGroup;
			children = (
				65A36A3819C4710900DD2D36 /* Info.plist */,
			);
			name = "Supporting Files";
			sourceTree = "<group>";
		};
/* End PBXGroup section */

/* Begin PBXNativeTarget section */
		65A36A1D19C4710800DD2D36 /* SpotzDemo */ = {
			isa = PBXNativeTarget;
			buildConfigurationList = 65A36A3D19C4710900DD2D36 /* Build configuration list for PBXNativeTarget "SpotzDemo" */;
			buildPhases = (
				7545EF40A9D648C9B6DD8010 /* Check Pods Manifest.lock */,
				65A36A1A19C4710800DD2D36 /* Sources */,
				65A36A1B19C4710800DD2D36 /* Frameworks */,
				65A36A1C19C4710800DD2D36 /* Resources */,
				012AC885C04C4B94A689D5CC /* Copy Pods Resources */,
			);
			buildRules = (
			);
			dependencies = (
			);
			name = SpotzDemo;
			productName = SpotzDemo;
			productReference = 65A36A1E19C4710900DD2D36 /* SpotzDemo.app */;
			productType = "com.apple.product-type.application";
		};
		65A36A3219C4710900DD2D36 /* SpotzDemoTests */ = {
			isa = PBXNativeTarget;
			buildConfigurationList = 65A36A4019C4710900DD2D36 /* Build configuration list for PBXNativeTarget "SpotzDemoTests" */;
			buildPhases = (
				65A36A2F19C4710900DD2D36 /* Sources */,
				65A36A3019C4710900DD2D36 /* Frameworks */,
				65A36A3119C4710900DD2D36 /* Resources */,
			);
			buildRules = (
			);
			dependencies = (
				65A36A3519C4710900DD2D36 /* PBXTargetDependency */,
			);
			name = SpotzDemoTests;
			productName = SpotzDemoTests;
			productReference = 65A36A3319C4710900DD2D36 /* SpotzDemoTests.xctest */;
			productType = "com.apple.product-type.bundle.unit-test";
		};
/* End PBXNativeTarget section */

/* Begin PBXProject section */
		65A36A1619C4710800DD2D36 /* Project object */ = {
			isa = PBXProject;
			attributes = {
				LastUpgradeCheck = 0600;
				ORGANIZATIONNAME = "Localz Pty Ltd";
				TargetAttributes = {
					65A36A1D19C4710800DD2D36 = {
						CreatedOnToolsVersion = 6.0;
					};
					65A36A3219C4710900DD2D36 = {
						CreatedOnToolsVersion = 6.0;
						TestTargetID = 65A36A1D19C4710800DD2D36;
					};
				};
			};
			buildConfigurationList = 65A36A1919C4710800DD2D36 /* Build configuration list for PBXProject "SpotzDemo" */;
			compatibilityVersion = "Xcode 3.2";
			developmentRegion = English;
			hasScannedForEncodings = 0;
			knownRegions = (
				en,
				Base,
			);
			mainGroup = 65A36A1519C4710800DD2D36;
			productRefGroup = 65A36A1F19C4710900DD2D36 /* Products */;
			projectDirPath = "";
			projectRoot = "";
			targets = (
				65A36A1D19C4710800DD2D36 /* SpotzDemo */,
				65A36A3219C4710900DD2D36 /* SpotzDemoTests */,
			);
		};
/* End PBXProject section */

/* Begin PBXResourcesBuildPhase section */
		65A36A1C19C4710800DD2D36 /* Resources */ = {
			isa = PBXResourcesBuildPhase;
			buildActionMask = 2147483647;
			files = (
				65A36A2919C4710900DD2D36 /* Main.storyboard in Resources */,
				65A36A2E19C4710900DD2D36 /* LaunchScreen.xib in Resources */,
				65A36A4A19C4A97500DD2D36 /* ProjectSetup.txt in Resources */,
				65A36A2B19C4710900DD2D36 /* Images.xcassets in Resources */,
			);
			runOnlyForDeploymentPostprocessing = 0;
		};
		65A36A3119C4710900DD2D36 /* Resources */ = {
			isa = PBXResourcesBuildPhase;
			buildActionMask = 2147483647;
			files = (
			);
			runOnlyForDeploymentPostprocessing = 0;
		};
/* End PBXResourcesBuildPhase section */

/* Begin PBXShellScriptBuildPhase section */
		012AC885C04C4B94A689D5CC /* Copy Pods Resources */ = {
			isa = PBXShellScriptBuildPhase;
			buildActionMask = 2147483647;
			files = (
			);
			inputPaths = (
			);
			name = "Copy Pods Resources";
			outputPaths = (
			);
			runOnlyForDeploymentPostprocessing = 0;
			shellPath = /bin/sh;
			shellScript = "\"${SRCROOT}/Pods/Pods-resources.sh\"\n";
			showEnvVarsInLog = 0;
		};
		7545EF40A9D648C9B6DD8010 /* Check Pods Manifest.lock */ = {
			isa = PBXShellScriptBuildPhase;
			buildActionMask = 2147483647;
			files = (
			);
			inputPaths = (
			);
			name = "Check Pods Manifest.lock";
			outputPaths = (
			);
			runOnlyForDeploymentPostprocessing = 0;
			shellPath = /bin/sh;
			shellScript = "diff \"${PODS_ROOT}/../Podfile.lock\" \"${PODS_ROOT}/Manifest.lock\" > /dev/null\nif [[ $? != 0 ]] ; then\n    cat << EOM\nerror: The sandbox is not in sync with the Podfile.lock. Run 'pod install' or update your CocoaPods installation.\nEOM\n    exit 1\nfi\n";
			showEnvVarsInLog = 0;
		};
/* End PBXShellScriptBuildPhase section */

/* Begin PBXSourcesBuildPhase section */
		65A36A1A19C4710800DD2D36 /* Sources */ = {
			isa = PBXSourcesBuildPhase;
			buildActionMask = 2147483647;
			files = (
				659F5AAA19C6EEBD00944EDA /* AppDelegate.swift in Sources */,
				65A36A2619C4710900DD2D36 /* ViewController.swift in Sources */,
			);
			runOnlyForDeploymentPostprocessing = 0;
		};
		65A36A2F19C4710900DD2D36 /* Sources */ = {
			isa = PBXSourcesBuildPhase;
			buildActionMask = 2147483647;
			files = (
				65A36A3A19C4710900DD2D36 /* SpotzDemoTests.swift in Sources */,
			);
			runOnlyForDeploymentPostprocessing = 0;
		};
/* End PBXSourcesBuildPhase section */

/* Begin PBXTargetDependency section */
		65A36A3519C4710900DD2D36 /* PBXTargetDependency */ = {
			isa = PBXTargetDependency;
			target = 65A36A1D19C4710800DD2D36 /* SpotzDemo */;
			targetProxy = 65A36A3419C4710900DD2D36 /* PBXContainerItemProxy */;
		};
/* End PBXTargetDependency section */

/* Begin PBXVariantGroup section */
		65A36A2719C4710900DD2D36 /* Main.storyboard */ = {
			isa = PBXVariantGroup;
			children = (
				65A36A2819C4710900DD2D36 /* Base */,
			);
			name = Main.storyboard;
			sourceTree = "<group>";
		};
		65A36A2C19C4710900DD2D36 /* LaunchScreen.xib */ = {
			isa = PBXVariantGroup;
			children = (
				65A36A2D19C4710900DD2D36 /* Base */,
			);
			name = LaunchScreen.xib;
			sourceTree = "<group>";
		};
/* End PBXVariantGroup section */

/* Begin XCBuildConfiguration section */
		65A36A3B19C4710900DD2D36 /* Debug */ = {
			isa = XCBuildConfiguration;
			buildSettings = {
				ALWAYS_SEARCH_USER_PATHS = NO;
				CLANG_CXX_LANGUAGE_STANDARD = "gnu++0x";
				CLANG_CXX_LIBRARY = "libc++";
				CLANG_ENABLE_MODULES = YES;
				CLANG_ENABLE_OBJC_ARC = YES;
				CLANG_WARN_BOOL_CONVERSION = YES;
				CLANG_WARN_CONSTANT_CONVERSION = YES;
				CLANG_WARN_DIRECT_OBJC_ISA_USAGE = YES_ERROR;
				CLANG_WARN_EMPTY_BODY = YES;
				CLANG_WARN_ENUM_CONVERSION = YES;
				CLANG_WARN_INT_CONVERSION = YES;
				CLANG_WARN_OBJC_ROOT_CLASS = YES_ERROR;
				CLANG_WARN_UNREACHABLE_CODE = YES;
				CLANG_WARN__DUPLICATE_METHOD_MATCH = YES;
				"CODE_SIGN_IDENTITY[sdk=iphoneos*]" = "iPhone Developer";
				COPY_PHASE_STRIP = NO;
				ENABLE_STRICT_OBJC_MSGSEND = YES;
				GCC_C_LANGUAGE_STANDARD = gnu99;
				GCC_DYNAMIC_NO_PIC = NO;
				GCC_OPTIMIZATION_LEVEL = 0;
				GCC_PREPROCESSOR_DEFINITIONS = (
					"DEBUG=1",
					"$(inherited)",
				);
				GCC_SYMBOLS_PRIVATE_EXTERN = NO;
				GCC_WARN_64_TO_32_BIT_CONVERSION = YES;
				GCC_WARN_ABOUT_RETURN_TYPE = YES_ERROR;
				GCC_WARN_UNDECLARED_SELECTOR = YES;
				GCC_WARN_UNINITIALIZED_AUTOS = YES_AGGRESSIVE;
				GCC_WARN_UNUSED_FUNCTION = YES;
				GCC_WARN_UNUSED_VARIABLE = YES;
				IPHONEOS_DEPLOYMENT_TARGET = 8.0;
				MTL_ENABLE_DEBUG_INFO = YES;
				ONLY_ACTIVE_ARCH = YES;
				SDKROOT = iphoneos;
				SWIFT_OPTIMIZATION_LEVEL = "-Onone";
			};
			name = Debug;
		};
		65A36A3C19C4710900DD2D36 /* Release */ = {
			isa = XCBuildConfiguration;
			buildSettings = {
				ALWAYS_SEARCH_USER_PATHS = NO;
				CLANG_CXX_LANGUAGE_STANDARD = "gnu++0x";
				CLANG_CXX_LIBRARY = "libc++";
				CLANG_ENABLE_MODULES = YES;
				CLANG_ENABLE_OBJC_ARC = YES;
				CLANG_WARN_BOOL_CONVERSION = YES;
				CLANG_WARN_CONSTANT_CONVERSION = YES;
				CLANG_WARN_DIRECT_OBJC_ISA_USAGE = YES_ERROR;
				CLANG_WARN_EMPTY_BODY = YES;
				CLANG_WARN_ENUM_CONVERSION = YES;
				CLANG_WARN_INT_CONVERSION = YES;
				CLANG_WARN_OBJC_ROOT_CLASS = YES_ERROR;
				CLANG_WARN_UNREACHABLE_CODE = YES;
				CLANG_WARN__DUPLICATE_METHOD_MATCH = YES;
				"CODE_SIGN_IDENTITY[sdk=iphoneos*]" = "iPhone Developer";
				COPY_PHASE_STRIP = YES;
				ENABLE_NS_ASSERTIONS = NO;
				ENABLE_STRICT_OBJC_MSGSEND = YES;
				GCC_C_LANGUAGE_STANDARD = gnu99;
				GCC_WARN_64_TO_32_BIT_CONVERSION = YES;
				GCC_WARN_ABOUT_RETURN_TYPE = YES_ERROR;
				GCC_WARN_UNDECLARED_SELECTOR = YES;
				GCC_WARN_UNINITIALIZED_AUTOS = YES_AGGRESSIVE;
				GCC_WARN_UNUSED_FUNCTION = YES;
				GCC_WARN_UNUSED_VARIABLE = YES;
				IPHONEOS_DEPLOYMENT_TARGET = 8.0;
				MTL_ENABLE_DEBUG_INFO = NO;
				SDKROOT = iphoneos;
				VALIDATE_PRODUCT = YES;
			};
			name = Release;
		};
		65A36A3E19C4710900DD2D36 /* Debug */ = {
			isa = XCBuildConfiguration;
			baseConfigurationReference = D13DEE690B9C44EF8A593C3B /* Pods.xcconfig */;
			buildSettings = {
				ASSETCATALOG_COMPILER_APPICON_NAME = AppIcon;
				CLANG_ENABLE_MODULES = YES;
				CODE_SIGN_IDENTITY = "iPhone Developer";
				INFOPLIST_FILE = SpotzDemo/Info.plist;
				IPHONEOS_DEPLOYMENT_TARGET = 7.0;
				LD_RUNPATH_SEARCH_PATHS = "$(inherited) @executable_path/Frameworks";
				PRODUCT_NAME = "$(TARGET_NAME)";
				SWIFT_OBJC_BRIDGING_HEADER = "SpotzDemo/SpotzDemo-Bridging-Header.h";
				SWIFT_OPTIMIZATION_LEVEL = "-Onone";
			};
			name = Debug;
		};
		65A36A3F19C4710900DD2D36 /* Release */ = {
			isa = XCBuildConfiguration;
			baseConfigurationReference = D13DEE690B9C44EF8A593C3B /* Pods.xcconfig */;
			buildSettings = {
				ASSETCATALOG_COMPILER_APPICON_NAME = AppIcon;
				CLANG_ENABLE_MODULES = YES;
				CODE_SIGN_IDENTITY = "iPhone Developer";
				INFOPLIST_FILE = SpotzDemo/Info.plist;
				IPHONEOS_DEPLOYMENT_TARGET = 7.0;
				LD_RUNPATH_SEARCH_PATHS = "$(inherited) @executable_path/Frameworks";
				PRODUCT_NAME = "$(TARGET_NAME)";
				SWIFT_OBJC_BRIDGING_HEADER = "SpotzDemo/SpotzDemo-Bridging-Header.h";
			};
			name = Release;
		};
		65A36A4119C4710900DD2D36 /* Debug */ = {
			isa = XCBuildConfiguration;
			buildSettings = {
				BUNDLE_LOADER = "$(TEST_HOST)";
				FRAMEWORK_SEARCH_PATHS = (
					"$(SDKROOT)/Developer/Library/Frameworks",
					"$(inherited)",
				);
				GCC_PREPROCESSOR_DEFINITIONS = (
					"DEBUG=1",
					"$(inherited)",
				);
				INFOPLIST_FILE = SpotzDemoTests/Info.plist;
				LD_RUNPATH_SEARCH_PATHS = "$(inherited) @executable_path/Frameworks @loader_path/Frameworks";
				PRODUCT_NAME = "$(TARGET_NAME)";
				TEST_HOST = "$(BUILT_PRODUCTS_DIR)/SpotzDemo.app/SpotzDemo";
			};
			name = Debug;
		};
		65A36A4219C4710900DD2D36 /* Release */ = {
			isa = XCBuildConfiguration;
			buildSettings = {
				BUNDLE_LOADER = "$(TEST_HOST)";
				FRAMEWORK_SEARCH_PATHS = (
					"$(SDKROOT)/Developer/Library/Frameworks",
					"$(inherited)",
				);
				INFOPLIST_FILE = SpotzDemoTests/Info.plist;
				LD_RUNPATH_SEARCH_PATHS = "$(inherited) @executable_path/Frameworks @loader_path/Frameworks";
				PRODUCT_NAME = "$(TARGET_NAME)";
				TEST_HOST = "$(BUILT_PRODUCTS_DIR)/SpotzDemo.app/SpotzDemo";
			};
			name = Release;
		};
/* End XCBuildConfiguration section */

/* Begin XCConfigurationList section */
		65A36A1919C4710800DD2D36 /* Build configuration list for PBXProject "SpotzDemo" */ = {
			isa = XCConfigurationList;
			buildConfigurations = (
				65A36A3B19C4710900DD2D36 /* Debug */,
				65A36A3C19C4710900DD2D36 /* Release */,
			);
			defaultConfigurationIsVisible = 0;
			defaultConfigurationName = Release;
		};
		65A36A3D19C4710900DD2D36 /* Build configuration list for PBXNativeTarget "SpotzDemo" */ = {
			isa = XCConfigurationList;
			buildConfigurations = (
				65A36A3E19C4710900DD2D36 /* Debug */,
				65A36A3F19C4710900DD2D36 /* Release */,
			);
			defaultConfigurationIsVisible = 0;
			defaultConfigurationName = Release;
		};
		65A36A4019C4710900DD2D36 /* Build configuration list for PBXNativeTarget "SpotzDemoTests" */ = {
			isa = XCConfigurationList;
			buildConfigurations = (
				65A36A4119C4710900DD2D36 /* Debug */,
				65A36A4219C4710900DD2D36 /* Release */,
			);
			defaultConfigurationIsVisible = 0;
			defaultConfigurationName = Release;
		};
/* End XCConfigurationList section */
	};
	rootObject = 65A36A1619C4710800DD2D36 /* Project object */;
}
