PODS:
  - Realm (0.86.3):
    - Realm/Headers (= 0.86.3)
  - Realm/Headers (0.86.3)
  - SpotzSDK (1.0.5.6):
    - Realm (= 0.86.3)

DEPENDENCIES:
  - SpotzSDK (from `https://github.com/localz/Spotz-iOS-SDK.git`)

EXTERNAL SOURCES:
  SpotzSDK:
    :git: https://github.com/localz/Spotz-iOS-SDK.git

CHECKOUT OPTIONS:
  SpotzSDK:
    :commit: 79a7463fd3b2575771826f4b541c87d6573fd96a
    :git: https://github.com/localz/Spotz-iOS-SDK.git

SPEC CHECKSUMS:
  Realm: 1f53f3b9b097679c94c927a9df8bcb9aac779554
  SpotzSDK: 1e19eb83b1ea92fac5b2717e022d57315ec386d5

COCOAPODS: 0.35.0
