// !$*UTF8*$!
{
	archiveVersion = 1;
	classes = {
	};
	objectVersion = 46;
	objects = {

/* Begin PBXBuildFile section */
		09B7A6D11997DD1E00668DE9 /* Foundation.framework in Frameworks */ = {isa = PBXBuildFile; fileRef = 09B7A6D01997DD1E00668DE9 /* Foundation.framework */; };
		09B7A6D31997DD1E00668DE9 /* CoreGraphics.framework in Frameworks */ = {isa = PBXBuildFile; fileRef = 09B7A6D21997DD1E00668DE9 /* CoreGraphics.framework */; };
		09B7A6D51997DD1E00668DE9 /* UIKit.framework in Frameworks */ = {isa = PBXBuildFile; fileRef = 09B7A6D41997DD1E00668DE9 /* UIKit.framework */; };
		09B7A6DB1997DD1E00668DE9 /* InfoPlist.strings in Resources */ = {isa = PBXBuildFile; fileRef = 09B7A6D91997DD1E00668DE9 /* InfoPlist.strings */; };
		09B7A6DD1997DD1E00668DE9 /* main.m in Sources */ = {isa = PBXBuildFile; fileRef = 09B7A6DC1997DD1E00668DE9 /* main.m */; };
		09B7A6E11997DD1E00668DE9 /* LocalzAppDelegate.m in Sources */ = {isa = PBXBuildFile; fileRef = 09B7A6E01997DD1E00668DE9 /* LocalzAppDelegate.m */; };
		09B7A6E41997DD1E00668DE9 /* Main.storyboard in Resources */ = {isa = PBXBuildFile; fileRef = 09B7A6E21997DD1E00668DE9 /* Main.storyboard */; };
		09B7A6E71997DD1E00668DE9 /* LocalzViewController.m in Sources */ = {isa = PBXBuildFile; fileRef = 09B7A6E61997DD1E00668DE9 /* LocalzViewController.m */; };
		09B7A6E91997DD1E00668DE9 /* Images.xcassets in Resources */ = {isa = PBXBuildFile; fileRef = 09B7A6E81997DD1E00668DE9 /* Images.xcassets */; };
		09B7A6F01997DD1E00668DE9 /* XCTest.framework in Frameworks */ = {isa = PBXBuildFile; fileRef = 09B7A6EF1997DD1E00668DE9 /* XCTest.framework */; };
		09B7A6F11997DD1E00668DE9 /* Foundation.framework in Frameworks */ = {isa = PBXBuildFile; fileRef = 09B7A6D01997DD1E00668DE9 /* Foundation.framework */; };
		09B7A6F21997DD1E00668DE9 /* UIKit.framework in Frameworks */ = {isa = PBXBuildFile; fileRef = 09B7A6D41997DD1E00668DE9 /* UIKit.framework */; };
		09B7A6FA1997DD1E00668DE9 /* InfoPlist.strings in Resources */ = {isa = PBXBuildFile; fileRef = 09B7A6F81997DD1E00668DE9 /* InfoPlist.strings */; };
		09B7A6FC1997DD1E00668DE9 /* LocalzProximityExampleTests.m in Sources */ = {isa = PBXBuildFile; fileRef = 09B7A6FB1997DD1E00668DE9 /* LocalzProximityExampleTests.m */; };
		9DD22C85DBC94A799D9C67EB /* libPods.a in Frameworks */ = {isa = PBXBuildFile; fileRef = C0A86B85669E4014B5E6691A /* libPods.a */; };
/* End PBXBuildFile section */

/* Begin PBXContainerItemProxy section */
		09B7A6F31997DD1E00668DE9 /* PBXContainerItemProxy */ = {
			isa = PBXContainerItemProxy;
			containerPortal = 09B7A6C51997DD1E00668DE9 /* Project object */;
			proxyType = 1;
			remoteGlobalIDString = 09B7A6CC1997DD1E00668DE9;
			remoteInfo = LocalzProximityExample;
		};
/* End PBXContainerItemProxy section */

/* Begin PBXFileReference section */
		09B7A6CD1997DD1E00668DE9 /* LocalzProximityExample.app */ = {isa = PBXFileReference; explicitFileType = wrapper.application; includeInIndex = 0; path = LocalzProximityExample.app; sourceTree = BUILT_PRODUCTS_DIR; };
		09B7A6D01997DD1E00668DE9 /* Foundation.framework */ = {isa = PBXFileReference; lastKnownFileType = wrapper.framework; name = Foundation.framework; path = System/Library/Frameworks/Foundation.framework; sourceTree = SDKROOT; };
		09B7A6D21997DD1E00668DE9 /* CoreGraphics.framework */ = {isa = PBXFileReference; lastKnownFileType = wrapper.framework; name = CoreGraphics.framework; path = System/Library/Frameworks/CoreGraphics.framework; sourceTree = SDKROOT; };
		09B7A6D41997DD1E00668DE9 /* UIKit.framework */ = {isa = PBXFileReference; lastKnownFileType = wrapper.framework; name = UIKit.framework; path = System/Library/Frameworks/UIKit.framework; sourceTree = SDKROOT; };
		09B7A6D81997DD1E00668DE9 /* LocalzProximityExample-Info.plist */ = {isa = PBXFileReference; lastKnownFileType = text.plist.xml; path = "LocalzProximityExample-Info.plist"; sourceTree = "<group>"; };
		09B7A6DA1997DD1E00668DE9 /* en */ = {isa = PBXFileReference; lastKnownFileType = text.plist.strings; name = en; path = en.lproj/InfoPlist.strings; sourceTree = "<group>"; };
		09B7A6DC1997DD1E00668DE9 /* main.m */ = {isa = PBXFileReference; lastKnownFileType = sourcecode.c.objc; path = main.m; sourceTree = "<group>"; };
		09B7A6DE1997DD1E00668DE9 /* LocalzProximityExample-Prefix.pch */ = {isa = PBXFileReference; lastKnownFileType = sourcecode.c.h; path = "LocalzProximityExample-Prefix.pch"; sourceTree = "<group>"; };
		09B7A6DF1997DD1E00668DE9 /* LocalzAppDelegate.h */ = {isa = PBXFileReference; lastKnownFileType = sourcecode.c.h; path = LocalzAppDelegate.h; sourceTree = "<group>"; };
		09B7A6E01997DD1E00668DE9 /* LocalzAppDelegate.m */ = {isa = PBXFileReference; lastKnownFileType = sourcecode.c.objc; path = LocalzAppDelegate.m; sourceTree = "<group>"; };
		09B7A6E31997DD1E00668DE9 /* Base */ = {isa = PBXFileReference; lastKnownFileType = file.storyboard; name = Base; path = Base.lproj/Main.storyboard; sourceTree = "<group>"; };
		09B7A6E51997DD1E00668DE9 /* LocalzViewController.h */ = {isa = PBXFileReference; lastKnownFileType = sourcecode.c.h; path = LocalzViewController.h; sourceTree = "<group>"; };
		09B7A6E61997DD1E00668DE9 /* LocalzViewController.m */ = {isa = PBXFileReference; lastKnownFileType = sourcecode.c.objc; path = LocalzViewController.m; sourceTree = "<group>"; };
		09B7A6E81997DD1E00668DE9 /* Images.xcassets */ = {isa = PBXFileReference; lastKnownFileType = folder.assetcatalog; path = Images.xcassets; sourceTree = "<group>"; };
		09B7A6EE1997DD1E00668DE9 /* LocalzProximityExampleTests.xctest */ = {isa = PBXFileReference; explicitFileType = wrapper.cfbundle; includeInIndex = 0; path = LocalzProximityExampleTests.xctest; sourceTree = BUILT_PRODUCTS_DIR; };
		09B7A6EF1997DD1E00668DE9 /* XCTest.framework */ = {isa = PBXFileReference; lastKnownFileType = wrapper.framework; name = XCTest.framework; path = Library/Frameworks/XCTest.framework; sourceTree = DEVELOPER_DIR; };
		09B7A6F71997DD1E00668DE9 /* LocalzProximityExampleTests-Info.plist */ = {isa = PBXFileReference; lastKnownFileType = text.plist.xml; path = "LocalzProximityExampleTests-Info.plist"; sourceTree = "<group>"; };
		09B7A6F91997DD1E00668DE9 /* en */ = {isa = PBXFileReference; lastKnownFileType = text.plist.strings; name = en; path = en.lproj/InfoPlist.strings; sourceTree = "<group>"; };
		09B7A6FB1997DD1E00668DE9 /* LocalzProximityExampleTests.m */ = {isa = PBXFileReference; lastKnownFileType = sourcecode.c.objc; path = LocalzProximityExampleTests.m; sourceTree = "<group>"; };
		C0A86B85669E4014B5E6691A /* libPods.a */ = {isa = PBXFileReference; explicitFileType = archive.ar; includeInIndex = 0; path = libPods.a; sourceTree = BUILT_PRODUCTS_DIR; };
		FD607ED956AF48AEBFBFB92E /* Pods.xcconfig */ = {isa = PBXFileReference; includeInIndex = 1; lastKnownFileType = text.xcconfig; name = Pods.xcconfig; path = Pods/Pods.xcconfig; sourceTree = "<group>"; };
/* End PBXFileReference section */

/* Begin PBXFrameworksBuildPhase section */
		09B7A6CA1997DD1E00668DE9 /* Frameworks */ = {
			isa = PBXFrameworksBuildPhase;
			buildActionMask = 2147483647;
			files = (
				09B7A6D31997DD1E00668DE9 /* CoreGraphics.framework in Frameworks */,
				09B7A6D51997DD1E00668DE9 /* UIKit.framework in Frameworks */,
				09B7A6D11997DD1E00668DE9 /* Foundation.framework in Frameworks */,
				9DD22C85DBC94A799D9C67EB /* libPods.a in Frameworks */,
			);
			runOnlyForDeploymentPostprocessing = 0;
		};
		09B7A6EB1997DD1E00668DE9 /* Frameworks */ = {
			isa = PBXFrameworksBuildPhase;
			buildActionMask = 2147483647;
			files = (
				09B7A6F01997DD1E00668DE9 /* XCTest.framework in Frameworks */,
				09B7A6F21997DD1E00668DE9 /* UIKit.framework in Frameworks */,
				09B7A6F11997DD1E00668DE9 /* Foundation.framework in Frameworks */,
			);
			runOnlyForDeploymentPostprocessing = 0;
		};
/* End PBXFrameworksBuildPhase section */

/* Begin PBXGroup section */
		09B7A6C41997DD1E00668DE9 = {
			isa = PBXGroup;
			children = (
				09B7A6D61997DD1E00668DE9 /* LocalzProximityExample */,
				09B7A6F51997DD1E00668DE9 /* LocalzProximityExampleTests */,
				09B7A6CF1997DD1E00668DE9 /* Frameworks */,
				09B7A6CE1997DD1E00668DE9 /* Products */,
				FD607ED956AF48AEBFBFB92E /* Pods.xcconfig */,
			);
			sourceTree = "<group>";
		};
		09B7A6CE1997DD1E00668DE9 /* Products */ = {
			isa = PBXGroup;
			children = (
				09B7A6CD1997DD1E00668DE9 /* LocalzProximityExample.app */,
				09B7A6EE1997DD1E00668DE9 /* LocalzProximityExampleTests.xctest */,
			);
			name = Products;
			sourceTree = "<group>";
		};
		09B7A6CF1997DD1E00668DE9 /* Frameworks */ = {
			isa = PBXGroup;
			children = (
				09B7A6D01997DD1E00668DE9 /* Foundation.framework */,
				09B7A6D21997DD1E00668DE9 /* CoreGraphics.framework */,
				09B7A6D41997DD1E00668DE9 /* UIKit.framework */,
				09B7A6EF1997DD1E00668DE9 /* XCTest.framework */,
				C0A86B85669E4014B5E6691A /* libPods.a */,
			);
			name = Frameworks;
			sourceTree = "<group>";
		};
		09B7A6D61997DD1E00668DE9 /* LocalzProximityExample */ = {
			isa = PBXGroup;
			children = (
				09B7A6DF1997DD1E00668DE9 /* LocalzAppDelegate.h */,
				09B7A6E01997DD1E00668DE9 /* LocalzAppDelegate.m */,
				09B7A6E21997DD1E00668DE9 /* Main.storyboard */,
				09B7A6E51997DD1E00668DE9 /* LocalzViewController.h */,
				09B7A6E61997DD1E00668DE9 /* LocalzViewController.m */,
				09B7A6E81997DD1E00668DE9 /* Images.xcassets */,
				09B7A6D71997DD1E00668DE9 /* Supporting Files */,
			);
			path = LocalzProximityExample;
			sourceTree = "<group>";
		};
		09B7A6D71997DD1E00668DE9 /* Supporting Files */ = {
			isa = PBXGroup;
			children = (
				09B7A6D81997DD1E00668DE9 /* LocalzProximityExample-Info.plist */,
				09B7A6D91997DD1E00668DE9 /* InfoPlist.strings */,
				09B7A6DC1997DD1E00668DE9 /* main.m */,
				09B7A6DE1997DD1E00668DE9 /* LocalzProximityExample-Prefix.pch */,
			);
			name = "Supporting Files";
			sourceTree = "<group>";
		};
		09B7A6F51997DD1E00668DE9 /* LocalzProximityExampleTests */ = {
			isa = PBXGroup;
			children = (
				09B7A6FB1997DD1E00668DE9 /* LocalzProximityExampleTests.m */,
				09B7A6F61997DD1E00668DE9 /* Supporting Files */,
			);
			path = LocalzProximityExampleTests;
			sourceTree = "<group>";
		};
		09B7A6F61997DD1E00668DE9 /* Supporting Files */ = {
			isa = PBXGroup;
			children = (
				09B7A6F71997DD1E00668DE9 /* LocalzProximityExampleTests-Info.plist */,
				09B7A6F81997DD1E00668DE9 /* InfoPlist.strings */,
			);
			name = "Supporting Files";
			sourceTree = "<group>";
		};
/* End PBXGroup section */

/* Begin PBXNativeTarget section */
		09B7A6CC1997DD1E00668DE9 /* LocalzProximityExample */ = {
			isa = PBXNativeTarget;
			buildConfigurationList = 09B7A6FF1997DD1E00668DE9 /* Build configuration list for PBXNativeTarget "LocalzProximityExample" */;
			buildPhases = (
				8C8942B5DB7F4C8191881EF2 /* Check Pods Manifest.lock */,
				09B7A6C91997DD1E00668DE9 /* Sources */,
				09B7A6CA1997DD1E00668DE9 /* Frameworks */,
				09B7A6CB1997DD1E00668DE9 /* Resources */,
				A3996B4772FB43269C74CFC6 /* Copy Pods Resources */,
			);
			buildRules = (
			);
			dependencies = (
			);
			name = LocalzProximityExample;
			productName = LocalzProximityExample;
			productReference = 09B7A6CD1997DD1E00668DE9 /* LocalzProximityExample.app */;
			productType = "com.apple.product-type.application";
		};
		09B7A6ED1997DD1E00668DE9 /* LocalzProximityExampleTests */ = {
			isa = PBXNativeTarget;
			buildConfigurationList = 09B7A7021997DD1E00668DE9 /* Build configuration list for PBXNativeTarget "LocalzProximityExampleTests" */;
			buildPhases = (
				09B7A6EA1997DD1E00668DE9 /* Sources */,
				09B7A6EB1997DD1E00668DE9 /* Frameworks */,
				09B7A6EC1997DD1E00668DE9 /* Resources */,
			);
			buildRules = (
			);
			dependencies = (
				09B7A6F41997DD1E00668DE9 /* PBXTargetDependency */,
			);
			name = LocalzProximityExampleTests;
			productName = LocalzProximityExampleTests;
			productReference = 09B7A6EE1997DD1E00668DE9 /* LocalzProximityExampleTests.xctest */;
			productType = "com.apple.product-type.bundle.unit-test";
		};
/* End PBXNativeTarget section */

/* Begin PBXProject section */
		09B7A6C51997DD1E00668DE9 /* Project object */ = {
			isa = PBXProject;
			attributes = {
				CLASSPREFIX = Localz;
				LastUpgradeCheck = 0510;
				ORGANIZATIONNAME = "Localz Pty Ltd";
				TargetAttributes = {
					09B7A6CC1997DD1E00668DE9 = {
						SystemCapabilities = {
							com.apple.BackgroundModes = {
								enabled = 1;
							};
						};
					};
					09B7A6ED1997DD1E00668DE9 = {
						TestTargetID = 09B7A6CC1997DD1E00668DE9;
					};
				};
			};
			buildConfigurationList = 09B7A6C81997DD1E00668DE9 /* Build configuration list for PBXProject "LocalzProximityExample" */;
			compatibilityVersion = "Xcode 3.2";
			developmentRegion = English;
			hasScannedForEncodings = 0;
			knownRegions = (
				en,
				Base,
			);
			mainGroup = 09B7A6C41997DD1E00668DE9;
			productRefGroup = 09B7A6CE1997DD1E00668DE9 /* Products */;
			projectDirPath = "";
			projectRoot = "";
			targets = (
				09B7A6CC1997DD1E00668DE9 /* LocalzProximityExample */,
				09B7A6ED1997DD1E00668DE9 /* LocalzProximityExampleTests */,
			);
		};
/* End PBXProject section */

/* Begin PBXResourcesBuildPhase section */
		09B7A6CB1997DD1E00668DE9 /* Resources */ = {
			isa = PBXResourcesBuildPhase;
			buildActionMask = 2147483647;
			files = (
				09B7A6E91997DD1E00668DE9 /* Images.xcassets in Resources */,
				09B7A6DB1997DD1E00668DE9 /* InfoPlist.strings in Resources */,
				09B7A6E41997DD1E00668DE9 /* Main.storyboard in Resources */,
			);
			runOnlyForDeploymentPostprocessing = 0;
		};
		09B7A6EC1997DD1E00668DE9 /* Resources */ = {
			isa = PBXResourcesBuildPhase;
			buildActionMask = 2147483647;
			files = (
				09B7A6FA1997DD1E00668DE9 /* InfoPlist.strings in Resources */,
			);
			runOnlyForDeploymentPostprocessing = 0;
		};
/* End PBXResourcesBuildPhase section */

/* Begin PBXShellScriptBuildPhase section */
		8C8942B5DB7F4C8191881EF2 /* Check Pods Manifest.lock */ = {
			isa = PBXShellScriptBuildPhase;
			buildActionMask = 2147483647;
			files = (
			);
			inputPaths = (
			);
			name = "Check Pods Manifest.lock";
			outputPaths = (
			);
			runOnlyForDeploymentPostprocessing = 0;
			shellPath = /bin/sh;
			shellScript = "diff \"${PODS_ROOT}/../Podfile.lock\" \"${PODS_ROOT}/Manifest.lock\" > /dev/null\nif [[ $? != 0 ]] ; then\n    cat << EOM\nerror: The sandbox is not in sync with the Podfile.lock. Run 'pod install' or update your CocoaPods installation.\nEOM\n    exit 1\nfi\n";
			showEnvVarsInLog = 0;
		};
		A3996B4772FB43269C74CFC6 /* Copy Pods Resources */ = {
			isa = PBXShellScriptBuildPhase;
			buildActionMask = 2147483647;
			files = (
			);
			inputPaths = (
			);
			name = "Copy Pods Resources";
			outputPaths = (
			);
			runOnlyForDeploymentPostprocessing = 0;
			shellPath = /bin/sh;
			shellScript = "\"${SRCROOT}/Pods/Pods-resources.sh\"\n";
			showEnvVarsInLog = 0;
		};
/* End PBXShellScriptBuildPhase section */

/* Begin PBXSourcesBuildPhase section */
		09B7A6C91997DD1E00668DE9 /* Sources */ = {
			isa = PBXSourcesBuildPhase;
			buildActionMask = 2147483647;
			files = (
				09B7A6DD1997DD1E00668DE9 /* main.m in Sources */,
				09B7A6E71997DD1E00668DE9 /* LocalzViewController.m in Sources */,
				09B7A6E11997DD1E00668DE9 /* LocalzAppDelegate.m in Sources */,
			);
			runOnlyForDeploymentPostprocessing = 0;
		};
		09B7A6EA1997DD1E00668DE9 /* Sources */ = {
			isa = PBXSourcesBuildPhase;
			buildActionMask = 2147483647;
			files = (
				09B7A6FC1997DD1E00668DE9 /* LocalzProximityExampleTests.m in Sources */,
			);
			runOnlyForDeploymentPostprocessing = 0;
		};
/* End PBXSourcesBuildPhase section */

/* Begin PBXTargetDependency section */
		09B7A6F41997DD1E00668DE9 /* PBXTargetDependency */ = {
			isa = PBXTargetDependency;
			target = 09B7A6CC1997DD1E00668DE9 /* LocalzProximityExample */;
			targetProxy = 09B7A6F31997DD1E00668DE9 /* PBXContainerItemProxy */;
		};
/* End PBXTargetDependency section */

/* Begin PBXVariantGroup section */
		09B7A6D91997DD1E00668DE9 /* InfoPlist.strings */ = {
			isa = PBXVariantGroup;
			children = (
				09B7A6DA1997DD1E00668DE9 /* en */,
			);
			name = InfoPlist.strings;
			sourceTree = "<group>";
		};
		09B7A6E21997DD1E00668DE9 /* Main.storyboard */ = {
			isa = PBXVariantGroup;
			children = (
				09B7A6E31997DD1E00668DE9 /* Base */,
			);
			name = Main.storyboard;
			sourceTree = "<group>";
		};
		09B7A6F81997DD1E00668DE9 /* InfoPlist.strings */ = {
			isa = PBXVariantGroup;
			children = (
				09B7A6F91997DD1E00668DE9 /* en */,
			);
			name = InfoPlist.strings;
			sourceTree = "<group>";
		};
/* End PBXVariantGroup section */

/* Begin XCBuildConfiguration section */
		09B7A6FD1997DD1E00668DE9 /* Debug */ = {
			isa = XCBuildConfiguration;
			buildSettings = {
				ALWAYS_SEARCH_USER_PATHS = NO;
				CLANG_CXX_LANGUAGE_STANDARD = "gnu++0x";
				CLANG_CXX_LIBRARY = "libc++";
				CLANG_ENABLE_MODULES = YES;
				CLANG_ENABLE_OBJC_ARC = YES;
				CLANG_WARN_BOOL_CONVERSION = YES;
				CLANG_WARN_CONSTANT_CONVERSION = YES;
				CLANG_WARN_DIRECT_OBJC_ISA_USAGE = YES_ERROR;
				CLANG_WARN_EMPTY_BODY = YES;
				CLANG_WARN_ENUM_CONVERSION = YES;
				CLANG_WARN_INT_CONVERSION = YES;
				CLANG_WARN_OBJC_ROOT_CLASS = YES_ERROR;
				CLANG_WARN__DUPLICATE_METHOD_MATCH = YES;
				"CODE_SIGN_IDENTITY[sdk=iphoneos*]" = "iPhone Developer";
				COPY_PHASE_STRIP = NO;
				GCC_C_LANGUAGE_STANDARD = gnu99;
				GCC_DYNAMIC_NO_PIC = NO;
				GCC_OPTIMIZATION_LEVEL = 0;
				GCC_PREPROCESSOR_DEFINITIONS = (
					"DEBUG=1",
					"$(inherited)",
				);
				GCC_SYMBOLS_PRIVATE_EXTERN = NO;
				GCC_WARN_64_TO_32_BIT_CONVERSION = YES;
				GCC_WARN_ABOUT_RETURN_TYPE = YES_ERROR;
				GCC_WARN_UNDECLARED_SELECTOR = YES;
				GCC_WARN_UNINITIALIZED_AUTOS = YES_AGGRESSIVE;
				GCC_WARN_UNUSED_FUNCTION = YES;
				GCC_WARN_UNUSED_VARIABLE = YES;
				IPHONEOS_DEPLOYMENT_TARGET = 7.1;
				ONLY_ACTIVE_ARCH = YES;
				SDKROOT = iphoneos;
			};
			name = Debug;
		};
		09B7A6FE1997DD1E00668DE9 /* Release */ = {
			isa = XCBuildConfiguration;
			buildSettings = {
				ALWAYS_SEARCH_USER_PATHS = NO;
				CLANG_CXX_LANGUAGE_STANDARD = "gnu++0x";
				CLANG_CXX_LIBRARY = "libc++";
				CLANG_ENABLE_MODULES = YES;
				CLANG_ENABLE_OBJC_ARC = YES;
				CLANG_WARN_BOOL_CONVERSION = YES;
				CLANG_WARN_CONSTANT_CONVERSION = YES;
				CLANG_WARN_DIRECT_OBJC_ISA_USAGE = YES_ERROR;
				CLANG_WARN_EMPTY_BODY = YES;
				CLANG_WARN_ENUM_CONVERSION = YES;
				CLANG_WARN_INT_CONVERSION = YES;
				CLANG_WARN_OBJC_ROOT_CLASS = YES_ERROR;
				CLANG_WARN__DUPLICATE_METHOD_MATCH = YES;
				"CODE_SIGN_IDENTITY[sdk=iphoneos*]" = "iPhone Developer";
				COPY_PHASE_STRIP = YES;
				ENABLE_NS_ASSERTIONS = NO;
				GCC_C_LANGUAGE_STANDARD = gnu99;
				GCC_WARN_64_TO_32_BIT_CONVERSION = YES;
				GCC_WARN_ABOUT_RETURN_TYPE = YES_ERROR;
				GCC_WARN_UNDECLARED_SELECTOR = YES;
				GCC_WARN_UNINITIALIZED_AUTOS = YES_AGGRESSIVE;
				GCC_WARN_UNUSED_FUNCTION = YES;
				GCC_WARN_UNUSED_VARIABLE = YES;
				IPHONEOS_DEPLOYMENT_TARGET = 7.1;
				SDKROOT = iphoneos;
				VALIDATE_PRODUCT = YES;
			};
			name = Release;
		};
		09B7A7001997DD1E00668DE9 /* Debug */ = {
			isa = XCBuildConfiguration;
			baseConfigurationReference = FD607ED956AF48AEBFBFB92E /* Pods.xcconfig */;
			buildSettings = {
				ASSETCATALOG_COMPILER_APPICON_NAME = AppIcon;
				ASSETCATALOG_COMPILER_LAUNCHIMAGE_NAME = LaunchImage;
				CODE_SIGN_IDENTITY = "iPhone Developer";
				"CODE_SIGN_IDENTITY[sdk=iphoneos*]" = "iPhone Developer";
				FRAMEWORK_SEARCH_PATHS = (
					"$(inherited)",
					"$(PROJECT_DIR)",
				);
				GCC_PRECOMPILE_PREFIX_HEADER = YES;
				GCC_PREFIX_HEADER = "LocalzProximityExample/LocalzProximityExample-Prefix.pch";
				INFOPLIST_FILE = "LocalzProximityExample/LocalzProximityExample-Info.plist";
				ONLY_ACTIVE_ARCH = YES;
				PRODUCT_NAME = "$(TARGET_NAME)";
				PROVISIONING_PROFILE = "";
				WRAPPER_EXTENSION = app;
			};
			name = Debug;
		};
		09B7A7011997DD1E00668DE9 /* Release */ = {
			isa = XCBuildConfiguration;
			baseConfigurationReference = FD607ED956AF48AEBFBFB92E /* Pods.xcconfig */;
			buildSettings = {
				ASSETCATALOG_COMPILER_APPICON_NAME = AppIcon;
				ASSETCATALOG_COMPILER_LAUNCHIMAGE_NAME = LaunchImage;
				CODE_SIGN_IDENTITY = "iPhone Developer";
				"CODE_SIGN_IDENTITY[sdk=iphoneos*]" = "iPhone Developer";
				FRAMEWORK_SEARCH_PATHS = (
					"$(inherited)",
					"$(PROJECT_DIR)",
				);
				GCC_PRECOMPILE_PREFIX_HEADER = YES;
				GCC_PREFIX_HEADER = "LocalzProximityExample/LocalzProximityExample-Prefix.pch";
				INFOPLIST_FILE = "LocalzProximityExample/LocalzProximityExample-Info.plist";
				ONLY_ACTIVE_ARCH = NO;
				PRODUCT_NAME = "$(TARGET_NAME)";
				PROVISIONING_PROFILE = "";
				WRAPPER_EXTENSION = app;
			};
			name = Release;
		};
		09B7A7031997DD1E00668DE9 /* Debug */ = {
			isa = XCBuildConfiguration;
			buildSettings = {
				BUNDLE_LOADER = "$(BUILT_PRODUCTS_DIR)/LocalzProximityExample.app/LocalzProximityExample";
				FRAMEWORK_SEARCH_PATHS = (
					"$(SDKROOT)/Developer/Library/Frameworks",
					"$(inherited)",
					"$(DEVELOPER_FRAMEWORKS_DIR)",
				);
				GCC_PRECOMPILE_PREFIX_HEADER = YES;
				GCC_PREFIX_HEADER = "LocalzProximityExample/LocalzProximityExample-Prefix.pch";
				GCC_PREPROCESSOR_DEFINITIONS = (
					"DEBUG=1",
					"$(inherited)",
				);
				INFOPLIST_FILE = "LocalzProximityExampleTests/LocalzProximityExampleTests-Info.plist";
				PRODUCT_NAME = "$(TARGET_NAME)";
				TEST_HOST = "$(BUNDLE_LOADER)";
				WRAPPER_EXTENSION = xctest;
			};
			name = Debug;
		};
		09B7A7041997DD1E00668DE9 /* Release */ = {
			isa = XCBuildConfiguration;
			buildSettings = {
				BUNDLE_LOADER = "$(BUILT_PRODUCTS_DIR)/LocalzProximityExample.app/LocalzProximityExample";
				FRAMEWORK_SEARCH_PATHS = (
					"$(SDKROOT)/Developer/Library/Frameworks",
					"$(inherited)",
					"$(DEVELOPER_FRAMEWORKS_DIR)",
				);
				GCC_PRECOMPILE_PREFIX_HEADER = YES;
				GCC_PREFIX_HEADER = "LocalzProximityExample/LocalzProximityExample-Prefix.pch";
				INFOPLIST_FILE = "LocalzProximityExampleTests/LocalzProximityExampleTests-Info.plist";
				PRODUCT_NAME = "$(TARGET_NAME)";
				TEST_HOST = "$(BUNDLE_LOADER)";
				WRAPPER_EXTENSION = xctest;
			};
			name = Release;
		};
/* End XCBuildConfiguration section */

/* Begin XCConfigurationList section */
		09B7A6C81997DD1E00668DE9 /* Build configuration list for PBXProject "LocalzProximityExample" */ = {
			isa = XCConfigurationList;
			buildConfigurations = (
				09B7A6FD1997DD1E00668DE9 /* Debug */,
				09B7A6FE1997DD1E00668DE9 /* Release */,
			);
			defaultConfigurationIsVisible = 0;
			defaultConfigurationName = Release;
		};
		09B7A6FF1997DD1E00668DE9 /* Build configuration list for PBXNativeTarget "LocalzProximityExample" */ = {
			isa = XCConfigurationList;
			buildConfigurations = (
				09B7A7001997DD1E00668DE9 /* Debug */,
				09B7A7011997DD1E00668DE9 /* Release */,
			);
			defaultConfigurationIsVisible = 0;
			defaultConfigurationName = Release;
		};
		09B7A7021997DD1E00668DE9 /* Build configuration list for PBXNativeTarget "LocalzProximityExampleTests" */ = {
			isa = XCConfigurationList;
			buildConfigurations = (
				09B7A7031997DD1E00668DE9 /* Debug */,
				09B7A7041997DD1E00668DE9 /* Release */,
			);
			defaultConfigurationIsVisible = 0;
			defaultConfigurationName = Release;
		};
/* End XCConfigurationList section */
	};
	rootObject = 09B7A6C51997DD1E00668DE9 /* Project object */;
}
